<?xml version="1.0" encoding="utf-8"?>
<Project ToolsVersion="4.0" xmlns="http://schemas.microsoft.com/developer/msbuild/2003">
  <ItemGroup>
    <Filter Include="Source Files">
      <UniqueIdentifier>{4FC737F1-C7A5-4376-A066-2A32D752A2FF}</UniqueIdentifier>
      <Extensions>cpp;c;cc;cxx;def;odl;idl;hpj;bat;asm;asmx</Extensions>
    </Filter>
    <Filter Include="Header Files">
      <UniqueIdentifier>{93995380-89BD-4b04-88EB-625FBE52EBFB}</UniqueIdentifier>
      <Extensions>h;hh;hpp;hxx;hm;inl;inc;ipp;xsd</Extensions>
    </Filter>
    <Filter Include="Resource Files">
      <UniqueIdentifier>{67DA6AB6-F800-4c08-8B7A-83BB121AAD01}</UniqueIdentifier>
      <Extensions>rc;ico;cur;bmp;dlg;rc2;rct;bin;rgs;gif;jpg;jpeg;jpe;resx;tiff;tif;png;wav;mfcribbon-ms</Extensions>
    </Filter>
  </ItemGroup>
  <ItemGroup>
    <ClInclude Include="FormattedTextEditor.h">
      <Filter>Header Files</Filter>
    </ClInclude>
    <ClInclude Include="framework.h">
      <Filter>Header Files</Filter>
    </ClInclude>
    <ClInclude Include="targetver.h">
      <Filter>Header Files</Filter>
    </ClInclude>
    <ClInclude Include="MainFrm.h">
      <Filter>Header Files</Filter>
    </ClInclude>
    <ClInclude Include="FormattedTextEditorDoc.h">
      <Filter>Header Files</Filter>
    </ClInclude>
    <ClInclude Include="FormattedTextEditorView.h">
      <Filter>Header Files</Filter>
    </ClInclude>
    <ClInclude Include="Resource.h">
      <Filter>Header Files</Filter>
    </ClInclude>
    <ClInclude Include="pch.h">
      <Filter>Header Files</Filter>
    </ClInclude>
    <ClInclude Include="UCAppendBuffer.h">
      <Filter>Header Files</Filter>
    </ClInclude>
    <ClInclude Include="USPieceTableEntry.h">
      <Filter>Header Files</Filter>
    </ClInclude>
    <ClInclude Include="USLineEntry.h">
      <Filter>Header Files</Filter>
    </ClInclude>
    <ClInclude Include="UCLineManager.h">
      <Filter>Header Files</Filter>
    </ClInclude>
    <ClInclude Include="user_typedefs.h">
      <Filter>Header Files</Filter>
    </ClInclude>
    <ClInclude Include="USCharPosition.h">
      <Filter>Header Files</Filter>
    </ClInclude>
    <ClInclude Include="UCNonNullList.h">
      <Filter>Header Files</Filter>
    </ClInclude>
    <ClInclude Include="UCRelinkList.h">
      <Filter>Header Files</Filter>
    </ClInclude>
    <ClInclude Include="USFontInfo.h">
      <Filter>Header Files</Filter>
    </ClInclude>
    <ClInclude Include="UCSFontInfoManager.h">
      <Filter>Header Files</Filter>
    </ClInclude>
    <ClInclude Include="USFPieceTableAdd.h">
      <Filter>Header Files</Filter>
    </ClInclude>
    <ClInclude Include="UCGrowableArray.h">
      <Filter>Header Files</Filter>
    </ClInclude>
    <ClInclude Include="UCGrowableTcharArray.h">
      <Filter>Header Files</Filter>
    </ClInclude>
    <ClInclude Include="UCPieceTable.h">
      <Filter>Header Files</Filter>
    </ClInclude>
    <ClInclude Include="UCTextEditorDataManager.h">
      <Filter>Header Files</Filter>
    </ClInclude>
    <ClInclude Include="UCDataVisualiser.h">
      <Filter>Header Files</Filter>
    </ClInclude>
  </ItemGroup>
  <ItemGroup>
    <ClCompile Include="FormattedTextEditor.cpp">
      <Filter>Source Files</Filter>
    </ClCompile>
    <ClCompile Include="MainFrm.cpp">
      <Filter>Source Files</Filter>
    </ClCompile>
    <ClCompile Include="FormattedTextEditorDoc.cpp">
      <Filter>Source Files</Filter>
    </ClCompile>
    <ClCompile Include="FormattedTextEditorView.cpp">
      <Filter>Source Files</Filter>
    </ClCompile>
    <ClCompile Include="pch.cpp">
      <Filter>Source Files</Filter>
    </ClCompile>
    <ClCompile Include="UCAppendBuffer.cpp">
      <Filter>Source Files</Filter>
    </ClCompile>
    <ClCompile Include="UCAppendBuffer.cpp">
      <Filter>Header Files</Filter>
    </ClCompile>
    <ClCompile Include="UCLineManager.cpp">
      <Filter>Source Files</Filter>
    </ClCompile>
    <ClCompile Include="USLineEntry.cpp">
      <Filter>Source Files</Filter>
    </ClCompile>
    <ClCompile Include="USCharPosition.cpp">
      <Filter>Source Files</Filter>
    </ClCompile>
    <ClCompile Include="USFontInfo.cpp">
      <Filter>Source Files</Filter>
    </ClCompile>
    <ClCompile Include="UCSFontInfoManager.cpp">
      <Filter>Source Files</Filter>
    </ClCompile>
    <ClCompile Include="USFPieceTableAdd.cpp">
      <Filter>Source Files</Filter>
    </ClCompile>
    <ClCompile Include="UCGrowableArray.cpp">
      <Filter>Source Files</Filter>
    </ClCompile>
    <ClCompile Include="UCGrowableTcharArray.cpp">
      <Filter>Source Files</Filter>
    </ClCompile>
    <ClCompile Include="UCPieceTable.cpp">
      <Filter>Source Files</Filter>
    </ClCompile>
    <ClCompile Include="UCTextEditorDataManager.cpp">
      <Filter>Source Files</Filter>
    </ClCompile>
    <ClCompile Include="UCDataVisualiser.cpp">
      <Filter>Source Files</Filter>
    </ClCompile>
  </ItemGroup>
  <ItemGroup>
    <None Include="FormattedTextEditor.reg" />
    <None Include="res\FormattedTextEditor.rc2">
      <Filter>Resource Files</Filter>
    </None>
  </ItemGroup>
  <ItemGroup>
    <ResourceCompile Include="FormattedTextEditor.rc">
      <Filter>Resource Files</Filter>
    </ResourceCompile>
  </ItemGroup>
  <ItemGroup>
    <Image Include="res\FormattedTextEditorDoc.ico">
      <Filter>Resource Files</Filter>
    </Image>
    <Image Include="res\FormattedTextEditor.ico">
      <Filter>Resource Files</Filter>
    </Image>
  </ItemGroup>
</Project>